version = 1
revision = 3
requires-python = ">=3.12"

[[package]]
name = "neo4j"
version = "6.3.1"
source = { registry = "https://pypi.org/simple" }
dependencies = [
    { name = "pytz" },
]
sdist = { url = "https://files.pythonhosted.org/packages/59/46/7a562799679d0c9bd3f12d28b43591eb953efc975e1241536733c5d8bcd3/neo4j-6.3.1.tar.gz", hash = "sha256:e75530ca0691d69916c56acdb7401df4ee9e1d5084cfcfb3ede796db38667dcd", size = 242885, upload-time = "2026-09-15T08:08:32.67Z" }
wheels = [
    { url = "https://files.pythonhosted.org/packages/08/a5/e33f76f4eb7e72c350e65802151884048325f889ab5d156ce4b6d9bde959/neo4j-6.3.1-py3-none-any.whl", hash = "sha256:a1b702d356f88885c27bdcf7dcd56af76423dbff4e26064e5bf5dbf47af53044", size = 331462, upload-time = "2026-09-15T08:08:31.252Z" },
]

[[package]]
name = "python-dotenv"
version = "1.2.3"
source = { registry = "https://pypi.org/simple" }
sdist = { url = "https://files.pythonhosted.org/packages/6a/53/ed9d74092561d4b01a2ef1349d52cdbc135e526c245f366b089cfca6de49/python_dotenv-1.2.3.tar.gz", hash = "sha256:a20a594dabeaa385725aa239d5244871c143ecb356add8a20fcf23773a6c3a35", size = 58945, upload-time = "2026-08-16T16:54:54.067Z" }
wheels = [
    { url = "https://files.pythonhosted.org/packages/0d/17/c5c6b53ddc18f297992099b3d9ec16c855c0ccc83263a21fe4d1c625ec6c/python_dotenv-1.2.3-py3-none-any.whl", hash = "sha256:904552145e8bfed22162c09dab1c2b9b54fefa7b23ba780f4f26ca0316b0f0d9", size = 22780, upload-time = "2026-08-16T16:54:52.473Z" },
]

[[package]]
name = "pytz"
version = "2026.4"
source = { registry = "https://pypi.org/simple" }
sdist = { url = "https://files.pythonhosted.org/packages/b0/ed/fa23d28713004418bbf2407127f80f385bfb0bf4e677bef02c25c27b00ee/pytz-2026.4.tar.gz", hash = "sha256:464303645bafafd72418898368b2429458f709cf1eb6a15372fbcc396b64da63", size = 318444, upload-time = "2026-09-24T03:58:40.443Z" }
wheels = [
    { url = "https://files.pythonhosted.org/packages/d5/11/e3df59614bebe0ca50c905442603eda64ae7ac19811d4e4f74aa2d51ca85/pytz-2026.4-py2.py3-none-any.whl", hash = "sha256:9d514388fbc89ca0833203464272ac485b8828568ab73532f5020f17e892a0ff", size = 506747, upload-time = "2026-09-24T03:58:38.629Z" },
]

[[package]]
name = "rationode"
version = "0.1.0"
source = { editable = "." }
dependencies = [
    { name = "neo4j" },
    { name = "python-dotenv" },
]

[package.metadata]
requires-dist = [
    { name = "neo4j", specifier = ">=5.20" },
    { name = "python-dotenv", specifier = ">=1.0" },
]
